
Microsoft Visual Studio Solution File, Format Version 12.00
# Visual Studio Version 17
VisualStudioVersion = 17.0.32014.148
MinimumVisualStudioVersion = 10.0.40219.1
Project("{FAE04EC0-301F-11D3-BF4B-00C04F79EFBC}") = "Webshop_Automation", "Webshop_Automation.csproj", "{89AA0072-E8FF-429E-A7E7-62BB8DB4A5FD}"
EndProject
Global
	GlobalSection(SolutionConfigurationPlatforms) = preSolution
		Debug|Any CPU = Debug|Any CPU
		Release|Any CPU = Release|Any CPU
	EndGlobalSection
	GlobalSection(ProjectConfigurationPlatforms) = postSolution
		{89AA0072-E8FF-429E-A7E7-62BB8DB4A5FD}.Debug|Any CPU.ActiveCfg = Debug|Any CPU
		{89AA0072-E8FF-429E-A7E7-62BB8DB4A5FD}.Debug|Any CPU.Build.0 = Debug|Any CPU
		{89AA0072-E8FF-429E-A7E7-62BB8DB4A5FD}.Release|Any CPU.ActiveCfg = Release|Any CPU
		{89AA0072-E8FF-429E-A7E7-62BB8DB4A5FD}.Release|Any CPU.Build.0 = Release|Any CPU
	EndGlobalSection
	GlobalSection(SolutionProperties) = preSolution
		HideSolutionNode = FALSE
	EndGlobalSection
	GlobalSection(ExtensibilityGlobals) = postSolution
		SolutionGuid = {FE960ADD-4D4C-4214-84ED-311905995022}
	EndGlobalSection
EndGlobal
